{
  "nodes": {
    "nixpkgs": {
      "locked": {
        "lastModified": 1757060431,
        "narHash": "sha256-pb0LeefPwDkdNLfMB3MxIFj8u0ianML3QCPoagZMwxQ=",
        "owner": "nixos",
        "repo": "nixpkgs",
        "rev": "3261432fe3ac35edfcd32c4d2873096ca00eab69",
        "type": "github"
      },
      "original": {
        "owner": "nixos",
        "ref": "release-25.05",
        "repo": "nixpkgs",
        "type": "github"
      }
    },
    "root": {
      "inputs": {
        "nixpkgs": "nixpkgs"
      }
    }
  },
  "root": "root",
  "version": 7
}
