{
  "nodes": {
    "nixpkgs": {
      "locked": {
        "lastModified": 1777892409,
        "narHash": "sha256-+6DU1oavv/+bQSa4li2cgiK3XSR6oIDk3yvtjt1ncxc=",
        "owner": "nixos",
        "repo": "nixpkgs",
        "rev": "5a843f4b898fc6a4be217d06bd46222640313af4",
        "type": "github"
      },
      "original": {
        "owner": "nixos",
        "ref": "release-25.11",
        "repo": "nixpkgs",
        "type": "github"
      }
    },
    "root": {
      "inputs": {
        "nixpkgs": "nixpkgs"
      }
    }
  },
  "root": "root",
  "version": 7
}
